
Microsoft Visual Studio Solution File, Format Version 12.00
# Visual Studio Version 17
VisualStudioVersion = 17.4.33205.214
MinimumVisualStudioVersion = 10.0.40219.1
Project("{FAE04EC0-301F-11D3-BF4B-00C04F79EFBC}") = "CarRentalApp", "CarRentalApp\CarRentalApp.csproj", "{4FBA792A-1AC3-4614-8967-8463D7779B13}"
EndProject
Global
	GlobalSection(SolutionConfigurationPlatforms) = preSolution
		Debug|Any CPU = Debug|Any CPU
		Release|Any CPU = Release|Any CPU
	EndGlobalSection
	GlobalSection(ProjectConfigurationPlatforms) = postSolution
		{4FBA792A-1AC3-4614-8967-8463D7779B13}.Debug|Any CPU.ActiveCfg = Debug|Any CPU
		{4FBA792A-1AC3-4614-8967-8463D7779B13}.Debug|Any CPU.Build.0 = Debug|Any CPU
		{4FBA792A-1AC3-4614-8967-8463D7779B13}.Release|Any CPU.ActiveCfg = Release|Any CPU
		{4FBA792A-1AC3-4614-8967-8463D7779B13}.Release|Any CPU.Build.0 = Release|Any CPU
	EndGlobalSection
	GlobalSection(SolutionProperties) = preSolution
		HideSolutionNode = FALSE
	EndGlobalSection
	GlobalSection(ExtensibilityGlobals) = postSolution
		SolutionGuid = {C7E05549-BBF2-46C3-968F-E73A87DFF4E3}
	EndGlobalSection
EndGlobal
